
Microsoft Visual Studio Solution File, Format Version 12.00
# Visual Studio Version 17
Project("{2150E333-8FDC-42A3-9474-1A3956D46DE8}") = "CMake", "CMake", "{ED5D49FB-F25E-36A7-B10A-D80825D44582}"
EndProject
Project("{2150E333-8FDC-42A3-9474-1A3956D46DE8}") = "Examples", "Examples", "{24065DC2-1247-340C-9F9C-7ABB54D7F104}"
EndProject
Project("{2150E333-8FDC-42A3-9474-1A3956D46DE8}") = "SFML", "SFML", "{9C9E32A6-B1F5-33E3-A7E3-564C4AA233E1}"
EndProject
Project("{8BC9CEB8-8B4A-11D0-8D11-00A0C91BC942}") = "ALL_BUILD", "ALL_BUILD.vcxproj", "{97C13FDC-87E9-3C6F-B99F-9D8C7D54126E}"
	ProjectSection(ProjectDependencies) = postProject
		{C2601958-4EC1-38F8-BC78-80D4132B92DB} = {C2601958-4EC1-38F8-BC78-80D4132B92DB}
		{2A8B411F-AD02-3A2C-9BF9-F1D959E54F23} = {2A8B411F-AD02-3A2C-9BF9-F1D959E54F23}
		{8B99F565-92C1-3F5B-953E-A669E416220D} = {8B99F565-92C1-3F5B-953E-A669E416220D}
		{8DEE6FE6-B2F6-366A-B9A6-583229CBD1CB} = {8DEE6FE6-B2F6-366A-B9A6-583229CBD1CB}
		{0C6A134F-E342-3BC9-9C28-819B04A84056} = {0C6A134F-E342-3BC9-9C28-819B04A84056}
		{88B1695A-F4D1-3B92-BB51-F5E11622352C} = {88B1695A-F4D1-3B92-BB51-F5E11622352C}
		{B96DF8ED-6A4B-32FF-B755-5F0B4CAAAF9B} = {B96DF8ED-6A4B-32FF-B755-5F0B4CAAAF9B}
		{2D3123E2-7DF1-34D4-8A35-E1AB5E4112DD} = {2D3123E2-7DF1-34D4-8A35-E1AB5E4112DD}
		{AD4F88EE-33D4-3360-A059-3705C5F04BEA} = {AD4F88EE-33D4-3360-A059-3705C5F04BEA}
		{67CBD49E-6122-3868-8BF2-DAFCE4AC8F3D} = {67CBD49E-6122-3868-8BF2-DAFCE4AC8F3D}
		{B10C2514-981F-3211-9085-A8953C2E9D28} = {B10C2514-981F-3211-9085-A8953C2E9D28}
		{2E3094A4-8C67-347B-9FA7-1C70EE75AFC4} = {2E3094A4-8C67-347B-9FA7-1C70EE75AFC4}
		{1D346B2E-A728-3C55-95B9-A08717C3F7ED} = {1D346B2E-A728-3C55-95B9-A08717C3F7ED}
		{59D1C637-FF2C-3BBB-B00E-287080F563FE} = {59D1C637-FF2C-3BBB-B00E-287080F563FE}
		{DA385FB7-0648-3642-8309-4A35B1CB2461} = {DA385FB7-0648-3642-8309-4A35B1CB2461}
		{DA353FB8-CD08-3C81-B32E-C749061A30D9} = {DA353FB8-CD08-3C81-B32E-C749061A30D9}
		{B860FB28-491B-356B-BF5B-C406E79A3C8C} = {B860FB28-491B-356B-BF5B-C406E79A3C8C}
		{6BC332EB-6182-3E13-9DAD-90BF6D8EDEF3} = {6BC332EB-6182-3E13-9DAD-90BF6D8EDEF3}
		{188C335F-2911-3A32-94F6-74173AC0C24E} = {188C335F-2911-3A32-94F6-74173AC0C24E}
	EndProjectSection
EndProject
Project("{8BC9CEB8-8B4A-11D0-8D11-00A0C91BC942}") = "INSTALL", "INSTALL.vcxproj", "{9E61F092-0771-3733-9F95-107E4EE19FE7}"
	ProjectSection(ProjectDependencies) = postProject
		{97C13FDC-87E9-3C6F-B99F-9D8C7D54126E} = {97C13FDC-87E9-3C6F-B99F-9D8C7D54126E}
		{C2601958-4EC1-38F8-BC78-80D4132B92DB} = {C2601958-4EC1-38F8-BC78-80D4132B92DB}
	EndProjectSection
EndProject
Project("{8BC9CEB8-8B4A-11D0-8D11-00A0C91BC942}") = "ZERO_CHECK", "ZERO_CHECK.vcxproj", "{C2601958-4EC1-38F8-BC78-80D4132B92DB}"
	ProjectSection(ProjectDependencies) = postProject
	EndProjectSection
EndProject
Project("{8BC9CEB8-8B4A-11D0-8D11-00A0C91BC942}") = "ftp", "examples\ftp\ftp.vcxproj", "{2A8B411F-AD02-3A2C-9BF9-F1D959E54F23}"
	ProjectSection(ProjectDependencies) = postProject
		{C2601958-4EC1-38F8-BC78-80D4132B92DB} = {C2601958-4EC1-38F8-BC78-80D4132B92DB}
		{67CBD49E-6122-3868-8BF2-DAFCE4AC8F3D} = {67CBD49E-6122-3868-8BF2-DAFCE4AC8F3D}
		{B10C2514-981F-3211-9085-A8953C2E9D28} = {B10C2514-981F-3211-9085-A8953C2E9D28}
	EndProjectSection
EndProject
Project("{8BC9CEB8-8B4A-11D0-8D11-00A0C91BC942}") = "island", "examples\island\island.vcxproj", "{8B99F565-92C1-3F5B-953E-A669E416220D}"
	ProjectSection(ProjectDependencies) = postProject
		{C2601958-4EC1-38F8-BC78-80D4132B92DB} = {C2601958-4EC1-38F8-BC78-80D4132B92DB}
		{2D3123E2-7DF1-34D4-8A35-E1AB5E4112DD} = {2D3123E2-7DF1-34D4-8A35-E1AB5E4112DD}
		{B10C2514-981F-3211-9085-A8953C2E9D28} = {B10C2514-981F-3211-9085-A8953C2E9D28}
		{2E3094A4-8C67-347B-9FA7-1C70EE75AFC4} = {2E3094A4-8C67-347B-9FA7-1C70EE75AFC4}
	EndProjectSection
EndProject
Project("{8BC9CEB8-8B4A-11D0-8D11-00A0C91BC942}") = "joystick", "examples\joystick\joystick.vcxproj", "{8DEE6FE6-B2F6-366A-B9A6-583229CBD1CB}"
	ProjectSection(ProjectDependencies) = postProject
		{C2601958-4EC1-38F8-BC78-80D4132B92DB} = {C2601958-4EC1-38F8-BC78-80D4132B92DB}
		{2D3123E2-7DF1-34D4-8A35-E1AB5E4112DD} = {2D3123E2-7DF1-34D4-8A35-E1AB5E4112DD}
		{B10C2514-981F-3211-9085-A8953C2E9D28} = {B10C2514-981F-3211-9085-A8953C2E9D28}
		{2E3094A4-8C67-347B-9FA7-1C70EE75AFC4} = {2E3094A4-8C67-347B-9FA7-1C70EE75AFC4}
	EndProjectSection
EndProject
Project("{8BC9CEB8-8B4A-11D0-8D11-00A0C91BC942}") = "opengl", "examples\opengl\opengl.vcxproj", "{0C6A134F-E342-3BC9-9C28-819B04A84056}"
	ProjectSection(ProjectDependencies) = postProject
		{C2601958-4EC1-38F8-BC78-80D4132B92DB} = {C2601958-4EC1-38F8-BC78-80D4132B92DB}
		{2D3123E2-7DF1-34D4-8A35-E1AB5E4112DD} = {2D3123E2-7DF1-34D4-8A35-E1AB5E4112DD}
		{B10C2514-981F-3211-9085-A8953C2E9D28} = {B10C2514-981F-3211-9085-A8953C2E9D28}
		{2E3094A4-8C67-347B-9FA7-1C70EE75AFC4} = {2E3094A4-8C67-347B-9FA7-1C70EE75AFC4}
	EndProjectSection
EndProject
Project("{8BC9CEB8-8B4A-11D0-8D11-00A0C91BC942}") = "pong", "examples\pong\pong.vcxproj", "{88B1695A-F4D1-3B92-BB51-F5E11622352C}"
	ProjectSection(ProjectDependencies) = postProject
		{C2601958-4EC1-38F8-BC78-80D4132B92DB} = {C2601958-4EC1-38F8-BC78-80D4132B92DB}
		{B96DF8ED-6A4B-32FF-B755-5F0B4CAAAF9B} = {B96DF8ED-6A4B-32FF-B755-5F0B4CAAAF9B}
		{2D3123E2-7DF1-34D4-8A35-E1AB5E4112DD} = {2D3123E2-7DF1-34D4-8A35-E1AB5E4112DD}
		{B10C2514-981F-3211-9085-A8953C2E9D28} = {B10C2514-981F-3211-9085-A8953C2E9D28}
		{2E3094A4-8C67-347B-9FA7-1C70EE75AFC4} = {2E3094A4-8C67-347B-9FA7-1C70EE75AFC4}
	EndProjectSection
EndProject
Project("{8BC9CEB8-8B4A-11D0-8D11-00A0C91BC942}") = "sfml-audio", "src\SFML\Audio\sfml-audio.vcxproj", "{B96DF8ED-6A4B-32FF-B755-5F0B4CAAAF9B}"
	ProjectSection(ProjectDependencies) = postProject
		{C2601958-4EC1-38F8-BC78-80D4132B92DB} = {C2601958-4EC1-38F8-BC78-80D4132B92DB}
		{B10C2514-981F-3211-9085-A8953C2E9D28} = {B10C2514-981F-3211-9085-A8953C2E9D28}
	EndProjectSection
EndProject
Project("{8BC9CEB8-8B4A-11D0-8D11-00A0C91BC942}") = "sfml-graphics", "src\SFML\Graphics\sfml-graphics.vcxproj", "{2D3123E2-7DF1-34D4-8A35-E1AB5E4112DD}"
	ProjectSection(ProjectDependencies) = postProject
		{C2601958-4EC1-38F8-BC78-80D4132B92DB} = {C2601958-4EC1-38F8-BC78-80D4132B92DB}
		{B10C2514-981F-3211-9085-A8953C2E9D28} = {B10C2514-981F-3211-9085-A8953C2E9D28}
		{2E3094A4-8C67-347B-9FA7-1C70EE75AFC4} = {2E3094A4-8C67-347B-9FA7-1C70EE75AFC4}
	EndProjectSection
EndProject
Project("{8BC9CEB8-8B4A-11D0-8D11-00A0C91BC942}") = "sfml-main", "src\SFML\Main\sfml-main.vcxproj", "{AD4F88EE-33D4-3360-A059-3705C5F04BEA}"
	ProjectSection(ProjectDependencies) = postProject
		{C2601958-4EC1-38F8-BC78-80D4132B92DB} = {C2601958-4EC1-38F8-BC78-80D4132B92DB}
	EndProjectSection
EndProject
Project("{8BC9CEB8-8B4A-11D0-8D11-00A0C91BC942}") = "sfml-network", "src\SFML\Network\sfml-network.vcxproj", "{67CBD49E-6122-3868-8BF2-DAFCE4AC8F3D}"
	ProjectSection(ProjectDependencies) = postProject
		{C2601958-4EC1-38F8-BC78-80D4132B92DB} = {C2601958-4EC1-38F8-BC78-80D4132B92DB}
		{B10C2514-981F-3211-9085-A8953C2E9D28} = {B10C2514-981F-3211-9085-A8953C2E9D28}
	EndProjectSection
EndProject
Project("{8BC9CEB8-8B4A-11D0-8D11-00A0C91BC942}") = "sfml-system", "src\SFML\System\sfml-system.vcxproj", "{B10C2514-981F-3211-9085-A8953C2E9D28}"
	ProjectSection(ProjectDependencies) = postProject
		{C2601958-4EC1-38F8-BC78-80D4132B92DB} = {C2601958-4EC1-38F8-BC78-80D4132B92DB}
	EndProjectSection
EndProject
Project("{8BC9CEB8-8B4A-11D0-8D11-00A0C91BC942}") = "sfml-window", "src\SFML\Window\sfml-window.vcxproj", "{2E3094A4-8C67-347B-9FA7-1C70EE75AFC4}"
	ProjectSection(ProjectDependencies) = postProject
		{C2601958-4EC1-38F8-BC78-80D4132B92DB} = {C2601958-4EC1-38F8-BC78-80D4132B92DB}
		{B10C2514-981F-3211-9085-A8953C2E9D28} = {B10C2514-981F-3211-9085-A8953C2E9D28}
	EndProjectSection
EndProject
Project("{8BC9CEB8-8B4A-11D0-8D11-00A0C91BC942}") = "shader", "examples\shader\shader.vcxproj", "{1D346B2E-A728-3C55-95B9-A08717C3F7ED}"
	ProjectSection(ProjectDependencies) = postProject
		{C2601958-4EC1-38F8-BC78-80D4132B92DB} = {C2601958-4EC1-38F8-BC78-80D4132B92DB}
		{2D3123E2-7DF1-34D4-8A35-E1AB5E4112DD} = {2D3123E2-7DF1-34D4-8A35-E1AB5E4112DD}
		{B10C2514-981F-3211-9085-A8953C2E9D28} = {B10C2514-981F-3211-9085-A8953C2E9D28}
		{2E3094A4-8C67-347B-9FA7-1C70EE75AFC4} = {2E3094A4-8C67-347B-9FA7-1C70EE75AFC4}
	EndProjectSection
EndProject
Project("{8BC9CEB8-8B4A-11D0-8D11-00A0C91BC942}") = "sockets", "examples\sockets\sockets.vcxproj", "{59D1C637-FF2C-3BBB-B00E-287080F563FE}"
	ProjectSection(ProjectDependencies) = postProject
		{C2601958-4EC1-38F8-BC78-80D4132B92DB} = {C2601958-4EC1-38F8-BC78-80D4132B92DB}
		{67CBD49E-6122-3868-8BF2-DAFCE4AC8F3D} = {67CBD49E-6122-3868-8BF2-DAFCE4AC8F3D}
		{B10C2514-981F-3211-9085-A8953C2E9D28} = {B10C2514-981F-3211-9085-A8953C2E9D28}
	EndProjectSection
EndProject
Project("{8BC9CEB8-8B4A-11D0-8D11-00A0C91BC942}") = "sound", "examples\sound\sound.vcxproj", "{DA385FB7-0648-3642-8309-4A35B1CB2461}"
	ProjectSection(ProjectDependencies) = postProject
		{C2601958-4EC1-38F8-BC78-80D4132B92DB} = {C2601958-4EC1-38F8-BC78-80D4132B92DB}
		{B96DF8ED-6A4B-32FF-B755-5F0B4CAAAF9B} = {B96DF8ED-6A4B-32FF-B755-5F0B4CAAAF9B}
		{B10C2514-981F-3211-9085-A8953C2E9D28} = {B10C2514-981F-3211-9085-A8953C2E9D28}
	EndProjectSection
EndProject
Project("{8BC9CEB8-8B4A-11D0-8D11-00A0C91BC942}") = "sound-capture", "examples\sound_capture\sound-capture.vcxproj", "{DA353FB8-CD08-3C81-B32E-C749061A30D9}"
	ProjectSection(ProjectDependencies) = postProject
		{C2601958-4EC1-38F8-BC78-80D4132B92DB} = {C2601958-4EC1-38F8-BC78-80D4132B92DB}
		{B96DF8ED-6A4B-32FF-B755-5F0B4CAAAF9B} = {B96DF8ED-6A4B-32FF-B755-5F0B4CAAAF9B}
		{B10C2514-981F-3211-9085-A8953C2E9D28} = {B10C2514-981F-3211-9085-A8953C2E9D28}
	EndProjectSection
EndProject
Project("{8BC9CEB8-8B4A-11D0-8D11-00A0C91BC942}") = "voip", "examples\voip\voip.vcxproj", "{B860FB28-491B-356B-BF5B-C406E79A3C8C}"
	ProjectSection(ProjectDependencies) = postProject
		{C2601958-4EC1-38F8-BC78-80D4132B92DB} = {C2601958-4EC1-38F8-BC78-80D4132B92DB}
		{B96DF8ED-6A4B-32FF-B755-5F0B4CAAAF9B} = {B96DF8ED-6A4B-32FF-B755-5F0B4CAAAF9B}
		{67CBD49E-6122-3868-8BF2-DAFCE4AC8F3D} = {67CBD49E-6122-3868-8BF2-DAFCE4AC8F3D}
		{B10C2514-981F-3211-9085-A8953C2E9D28} = {B10C2514-981F-3211-9085-A8953C2E9D28}
	EndProjectSection
EndProject
Project("{8BC9CEB8-8B4A-11D0-8D11-00A0C91BC942}") = "win32", "examples\win32\win32.vcxproj", "{6BC332EB-6182-3E13-9DAD-90BF6D8EDEF3}"
	ProjectSection(ProjectDependencies) = postProject
		{C2601958-4EC1-38F8-BC78-80D4132B92DB} = {C2601958-4EC1-38F8-BC78-80D4132B92DB}
		{2D3123E2-7DF1-34D4-8A35-E1AB5E4112DD} = {2D3123E2-7DF1-34D4-8A35-E1AB5E4112DD}
		{B10C2514-981F-3211-9085-A8953C2E9D28} = {B10C2514-981F-3211-9085-A8953C2E9D28}
		{2E3094A4-8C67-347B-9FA7-1C70EE75AFC4} = {2E3094A4-8C67-347B-9FA7-1C70EE75AFC4}
	EndProjectSection
EndProject
Project("{8BC9CEB8-8B4A-11D0-8D11-00A0C91BC942}") = "window", "examples\window\window.vcxproj", "{188C335F-2911-3A32-94F6-74173AC0C24E}"
	ProjectSection(ProjectDependencies) = postProject
		{C2601958-4EC1-38F8-BC78-80D4132B92DB} = {C2601958-4EC1-38F8-BC78-80D4132B92DB}
		{B10C2514-981F-3211-9085-A8953C2E9D28} = {B10C2514-981F-3211-9085-A8953C2E9D28}
		{2E3094A4-8C67-347B-9FA7-1C70EE75AFC4} = {2E3094A4-8C67-347B-9FA7-1C70EE75AFC4}
	EndProjectSection
EndProject
Global
	GlobalSection(SolutionConfigurationPlatforms) = preSolution
		Debug|x64 = Debug|x64
		Release|x64 = Release|x64
		MinSizeRel|x64 = MinSizeRel|x64
		RelWithDebInfo|x64 = RelWithDebInfo|x64
	EndGlobalSection
	GlobalSection(ProjectConfigurationPlatforms) = postSolution
		{97C13FDC-87E9-3C6F-B99F-9D8C7D54126E}.Debug|x64.ActiveCfg = Debug|x64
		{97C13FDC-87E9-3C6F-B99F-9D8C7D54126E}.Debug|x64.Build.0 = Debug|x64
		{97C13FDC-87E9-3C6F-B99F-9D8C7D54126E}.Release|x64.ActiveCfg = Release|x64
		{97C13FDC-87E9-3C6F-B99F-9D8C7D54126E}.Release|x64.Build.0 = Release|x64
		{97C13FDC-87E9-3C6F-B99F-9D8C7D54126E}.MinSizeRel|x64.ActiveCfg = MinSizeRel|x64
		{97C13FDC-87E9-3C6F-B99F-9D8C7D54126E}.MinSizeRel|x64.Build.0 = MinSizeRel|x64
		{97C13FDC-87E9-3C6F-B99F-9D8C7D54126E}.RelWithDebInfo|x64.ActiveCfg = RelWithDebInfo|x64
		{97C13FDC-87E9-3C6F-B99F-9D8C7D54126E}.RelWithDebInfo|x64.Build.0 = RelWithDebInfo|x64
		{9E61F092-0771-3733-9F95-107E4EE19FE7}.Debug|x64.ActiveCfg = Debug|x64
		{9E61F092-0771-3733-9F95-107E4EE19FE7}.Release|x64.ActiveCfg = Release|x64
		{9E61F092-0771-3733-9F95-107E4EE19FE7}.MinSizeRel|x64.ActiveCfg = MinSizeRel|x64
		{9E61F092-0771-3733-9F95-107E4EE19FE7}.RelWithDebInfo|x64.ActiveCfg = RelWithDebInfo|x64
		{C2601958-4EC1-38F8-BC78-80D4132B92DB}.Debug|x64.ActiveCfg = Debug|x64
		{C2601958-4EC1-38F8-BC78-80D4132B92DB}.Debug|x64.Build.0 = Debug|x64
		{C2601958-4EC1-38F8-BC78-80D4132B92DB}.Release|x64.ActiveCfg = Release|x64
		{C2601958-4EC1-38F8-BC78-80D4132B92DB}.Release|x64.Build.0 = Release|x64
		{C2601958-4EC1-38F8-BC78-80D4132B92DB}.MinSizeRel|x64.ActiveCfg = MinSizeRel|x64
		{C2601958-4EC1-38F8-BC78-80D4132B92DB}.MinSizeRel|x64.Build.0 = MinSizeRel|x64
		{C2601958-4EC1-38F8-BC78-80D4132B92DB}.RelWithDebInfo|x64.ActiveCfg = RelWithDebInfo|x64
		{C2601958-4EC1-38F8-BC78-80D4132B92DB}.RelWithDebInfo|x64.Build.0 = RelWithDebInfo|x64
		{2A8B411F-AD02-3A2C-9BF9-F1D959E54F23}.Debug|x64.ActiveCfg = Debug|x64
		{2A8B411F-AD02-3A2C-9BF9-F1D959E54F23}.Debug|x64.Build.0 = Debug|x64
		{2A8B411F-AD02-3A2C-9BF9-F1D959E54F23}.Release|x64.ActiveCfg = Release|x64
		{2A8B411F-AD02-3A2C-9BF9-F1D959E54F23}.Release|x64.Build.0 = Release|x64
		{2A8B411F-AD02-3A2C-9BF9-F1D959E54F23}.MinSizeRel|x64.ActiveCfg = MinSizeRel|x64
		{2A8B411F-AD02-3A2C-9BF9-F1D959E54F23}.MinSizeRel|x64.Build.0 = MinSizeRel|x64
		{2A8B411F-AD02-3A2C-9BF9-F1D959E54F23}.RelWithDebInfo|x64.ActiveCfg = RelWithDebInfo|x64
		{2A8B411F-AD02-3A2C-9BF9-F1D959E54F23}.RelWithDebInfo|x64.Build.0 = RelWithDebInfo|x64
		{8B99F565-92C1-3F5B-953E-A669E416220D}.Debug|x64.ActiveCfg = Debug|x64
		{8B99F565-92C1-3F5B-953E-A669E416220D}.Debug|x64.Build.0 = Debug|x64
		{8B99F565-92C1-3F5B-953E-A669E416220D}.Release|x64.ActiveCfg = Release|x64
		{8B99F565-92C1-3F5B-953E-A669E416220D}.Release|x64.Build.0 = Release|x64
		{8B99F565-92C1-3F5B-953E-A669E416220D}.MinSizeRel|x64.ActiveCfg = MinSizeRel|x64
		{8B99F565-92C1-3F5B-953E-A669E416220D}.MinSizeRel|x64.Build.0 = MinSizeRel|x64
		{8B99F565-92C1-3F5B-953E-A669E416220D}.RelWithDebInfo|x64.ActiveCfg = RelWithDebInfo|x64
		{8B99F565-92C1-3F5B-953E-A669E416220D}.RelWithDebInfo|x64.Build.0 = RelWithDebInfo|x64
		{8DEE6FE6-B2F6-366A-B9A6-583229CBD1CB}.Debug|x64.ActiveCfg = Debug|x64
		{8DEE6FE6-B2F6-366A-B9A6-583229CBD1CB}.Debug|x64.Build.0 = Debug|x64
		{8DEE6FE6-B2F6-366A-B9A6-583229CBD1CB}.Release|x64.ActiveCfg = Release|x64
		{8DEE6FE6-B2F6-366A-B9A6-583229CBD1CB}.Release|x64.Build.0 = Release|x64
		{8DEE6FE6-B2F6-366A-B9A6-583229CBD1CB}.MinSizeRel|x64.ActiveCfg = MinSizeRel|x64
		{8DEE6FE6-B2F6-366A-B9A6-583229CBD1CB}.MinSizeRel|x64.Build.0 = MinSizeRel|x64
		{8DEE6FE6-B2F6-366A-B9A6-583229CBD1CB}.RelWithDebInfo|x64.ActiveCfg = RelWithDebInfo|x64
		{8DEE6FE6-B2F6-366A-B9A6-583229CBD1CB}.RelWithDebInfo|x64.Build.0 = RelWithDebInfo|x64
		{0C6A134F-E342-3BC9-9C28-819B04A84056}.Debug|x64.ActiveCfg = Debug|x64
		{0C6A134F-E342-3BC9-9C28-819B04A84056}.Debug|x64.Build.0 = Debug|x64
		{0C6A134F-E342-3BC9-9C28-819B04A84056}.Release|x64.ActiveCfg = Release|x64
		{0C6A134F-E342-3BC9-9C28-819B04A84056}.Release|x64.Build.0 = Release|x64
		{0C6A134F-E342-3BC9-9C28-819B04A84056}.MinSizeRel|x64.ActiveCfg = MinSizeRel|x64
		{0C6A134F-E342-3BC9-9C28-819B04A84056}.MinSizeRel|x64.Build.0 = MinSizeRel|x64
		{0C6A134F-E342-3BC9-9C28-819B04A84056}.RelWithDebInfo|x64.ActiveCfg = RelWithDebInfo|x64
		{0C6A134F-E342-3BC9-9C28-819B04A84056}.RelWithDebInfo|x64.Build.0 = RelWithDebInfo|x64
		{88B1695A-F4D1-3B92-BB51-F5E11622352C}.Debug|x64.ActiveCfg = Debug|x64
		{88B1695A-F4D1-3B92-BB51-F5E11622352C}.Debug|x64.Build.0 = Debug|x64
		{88B1695A-F4D1-3B92-BB51-F5E11622352C}.Release|x64.ActiveCfg = Release|x64
		{88B1695A-F4D1-3B92-BB51-F5E11622352C}.Release|x64.Build.0 = Release|x64
		{88B1695A-F4D1-3B92-BB51-F5E11622352C}.MinSizeRel|x64.ActiveCfg = MinSizeRel|x64
		{88B1695A-F4D1-3B92-BB51-F5E11622352C}.MinSizeRel|x64.Build.0 = MinSizeRel|x64
		{88B1695A-F4D1-3B92-BB51-F5E11622352C}.RelWithDebInfo|x64.ActiveCfg = RelWithDebInfo|x64
		{88B1695A-F4D1-3B92-BB51-F5E11622352C}.RelWithDebInfo|x64.Build.0 = RelWithDebInfo|x64
		{B96DF8ED-6A4B-32FF-B755-5F0B4CAAAF9B}.Debug|x64.ActiveCfg = Debug|x64
		{B96DF8ED-6A4B-32FF-B755-5F0B4CAAAF9B}.Debug|x64.Build.0 = Debug|x64
		{B96DF8ED-6A4B-32FF-B755-5F0B4CAAAF9B}.Release|x64.ActiveCfg = Release|x64
		{B96DF8ED-6A4B-32FF-B755-5F0B4CAAAF9B}.Release|x64.Build.0 = Release|x64
		{B96DF8ED-6A4B-32FF-B755-5F0B4CAAAF9B}.MinSizeRel|x64.ActiveCfg = MinSizeRel|x64
		{B96DF8ED-6A4B-32FF-B755-5F0B4CAAAF9B}.MinSizeRel|x64.Build.0 = MinSizeRel|x64
		{B96DF8ED-6A4B-32FF-B755-5F0B4CAAAF9B}.RelWithDebInfo|x64.ActiveCfg = RelWithDebInfo|x64
		{B96DF8ED-6A4B-32FF-B755-5F0B4CAAAF9B}.RelWithDebInfo|x64.Build.0 = RelWithDebInfo|x64
		{2D3123E2-7DF1-34D4-8A35-E1AB5E4112DD}.Debug|x64.ActiveCfg = Debug|x64
		{2D3123E2-7DF1-34D4-8A35-E1AB5E4112DD}.Debug|x64.Build.0 = Debug|x64
		{2D3123E2-7DF1-34D4-8A35-E1AB5E4112DD}.Release|x64.ActiveCfg = Release|x64
		{2D3123E2-7DF1-34D4-8A35-E1AB5E4112DD}.Release|x64.Build.0 = Release|x64
		{2D3123E2-7DF1-34D4-8A35-E1AB5E4112DD}.MinSizeRel|x64.ActiveCfg = MinSizeRel|x64
		{2D3123E2-7DF1-34D4-8A35-E1AB5E4112DD}.MinSizeRel|x64.Build.0 = MinSizeRel|x64
		{2D3123E2-7DF1-34D4-8A35-E1AB5E4112DD}.RelWithDebInfo|x64.ActiveCfg = RelWithDebInfo|x64
		{2D3123E2-7DF1-34D4-8A35-E1AB5E4112DD}.RelWithDebInfo|x64.Build.0 = RelWithDebInfo|x64
		{AD4F88EE-33D4-3360-A059-3705C5F04BEA}.Debug|x64.ActiveCfg = Debug|x64
		{AD4F88EE-33D4-3360-A059-3705C5F04BEA}.Debug|x64.Build.0 = Debug|x64
		{AD4F88EE-33D4-3360-A059-3705C5F04BEA}.Release|x64.ActiveCfg = Release|x64
		{AD4F88EE-33D4-3360-A059-3705C5F04BEA}.Release|x64.Build.0 = Release|x64
		{AD4F88EE-33D4-3360-A059-3705C5F04BEA}.MinSizeRel|x64.ActiveCfg = MinSizeRel|x64
		{AD4F88EE-33D4-3360-A059-3705C5F04BEA}.MinSizeRel|x64.Build.0 = MinSizeRel|x64
		{AD4F88EE-33D4-3360-A059-3705C5F04BEA}.RelWithDebInfo|x64.ActiveCfg = RelWithDebInfo|x64
		{AD4F88EE-33D4-3360-A059-3705C5F04BEA}.RelWithDebInfo|x64.Build.0 = RelWithDebInfo|x64
		{67CBD49E-6122-3868-8BF2-DAFCE4AC8F3D}.Debug|x64.ActiveCfg = Debug|x64
		{67CBD49E-6122-3868-8BF2-DAFCE4AC8F3D}.Debug|x64.Build.0 = Debug|x64
		{67CBD49E-6122-3868-8BF2-DAFCE4AC8F3D}.Release|x64.ActiveCfg = Release|x64
		{67CBD49E-6122-3868-8BF2-DAFCE4AC8F3D}.Release|x64.Build.0 = Release|x64
		{67CBD49E-6122-3868-8BF2-DAFCE4AC8F3D}.MinSizeRel|x64.ActiveCfg = MinSizeRel|x64
		{67CBD49E-6122-3868-8BF2-DAFCE4AC8F3D}.MinSizeRel|x64.Build.0 = MinSizeRel|x64
		{67CBD49E-6122-3868-8BF2-DAFCE4AC8F3D}.RelWithDebInfo|x64.ActiveCfg = RelWithDebInfo|x64
		{67CBD49E-6122-3868-8BF2-DAFCE4AC8F3D}.RelWithDebInfo|x64.Build.0 = RelWithDebInfo|x64
		{B10C2514-981F-3211-9085-A8953C2E9D28}.Debug|x64.ActiveCfg = Debug|x64
		{B10C2514-981F-3211-9085-A8953C2E9D28}.Debug|x64.Build.0 = Debug|x64
		{B10C2514-981F-3211-9085-A8953C2E9D28}.Release|x64.ActiveCfg = Release|x64
		{B10C2514-981F-3211-9085-A8953C2E9D28}.Release|x64.Build.0 = Release|x64
		{B10C2514-981F-3211-9085-A8953C2E9D28}.MinSizeRel|x64.ActiveCfg = MinSizeRel|x64
		{B10C2514-981F-3211-9085-A8953C2E9D28}.MinSizeRel|x64.Build.0 = MinSizeRel|x64
		{B10C2514-981F-3211-9085-A8953C2E9D28}.RelWithDebInfo|x64.ActiveCfg = RelWithDebInfo|x64
		{B10C2514-981F-3211-9085-A8953C2E9D28}.RelWithDebInfo|x64.Build.0 = RelWithDebInfo|x64
		{2E3094A4-8C67-347B-9FA7-1C70EE75AFC4}.Debug|x64.ActiveCfg = Debug|x64
		{2E3094A4-8C67-347B-9FA7-1C70EE75AFC4}.Debug|x64.Build.0 = Debug|x64
		{2E3094A4-8C67-347B-9FA7-1C70EE75AFC4}.Release|x64.ActiveCfg = Release|x64
		{2E3094A4-8C67-347B-9FA7-1C70EE75AFC4}.Release|x64.Build.0 = Release|x64
		{2E3094A4-8C67-347B-9FA7-1C70EE75AFC4}.MinSizeRel|x64.ActiveCfg = MinSizeRel|x64
		{2E3094A4-8C67-347B-9FA7-1C70EE75AFC4}.MinSizeRel|x64.Build.0 = MinSizeRel|x64
		{2E3094A4-8C67-347B-9FA7-1C70EE75AFC4}.RelWithDebInfo|x64.ActiveCfg = RelWithDebInfo|x64
		{2E3094A4-8C67-347B-9FA7-1C70EE75AFC4}.RelWithDebInfo|x64.Build.0 = RelWithDebInfo|x64
		{1D346B2E-A728-3C55-95B9-A08717C3F7ED}.Debug|x64.ActiveCfg = Debug|x64
		{1D346B2E-A728-3C55-95B9-A08717C3F7ED}.Debug|x64.Build.0 = Debug|x64
		{1D346B2E-A728-3C55-95B9-A08717C3F7ED}.Release|x64.ActiveCfg = Release|x64
		{1D346B2E-A728-3C55-95B9-A08717C3F7ED}.Release|x64.Build.0 = Release|x64
		{1D346B2E-A728-3C55-95B9-A08717C3F7ED}.MinSizeRel|x64.ActiveCfg = MinSizeRel|x64
		{1D346B2E-A728-3C55-95B9-A08717C3F7ED}.MinSizeRel|x64.Build.0 = MinSizeRel|x64
		{1D346B2E-A728-3C55-95B9-A08717C3F7ED}.RelWithDebInfo|x64.ActiveCfg = RelWithDebInfo|x64
		{1D346B2E-A728-3C55-95B9-A08717C3F7ED}.RelWithDebInfo|x64.Build.0 = RelWithDebInfo|x64
		{59D1C637-FF2C-3BBB-B00E-287080F563FE}.Debug|x64.ActiveCfg = Debug|x64
		{59D1C637-FF2C-3BBB-B00E-287080F563FE}.Debug|x64.Build.0 = Debug|x64
		{59D1C637-FF2C-3BBB-B00E-287080F563FE}.Release|x64.ActiveCfg = Release|x64
		{59D1C637-FF2C-3BBB-B00E-287080F563FE}.Release|x64.Build.0 = Release|x64
		{59D1C637-FF2C-3BBB-B00E-287080F563FE}.MinSizeRel|x64.ActiveCfg = MinSizeRel|x64
		{59D1C637-FF2C-3BBB-B00E-287080F563FE}.MinSizeRel|x64.Build.0 = MinSizeRel|x64
		{59D1C637-FF2C-3BBB-B00E-287080F563FE}.RelWithDebInfo|x64.ActiveCfg = RelWithDebInfo|x64
		{59D1C637-FF2C-3BBB-B00E-287080F563FE}.RelWithDebInfo|x64.Build.0 = RelWithDebInfo|x64
		{DA385FB7-0648-3642-8309-4A35B1CB2461}.Debug|x64.ActiveCfg = Debug|x64
		{DA385FB7-0648-3642-8309-4A35B1CB2461}.Debug|x64.Build.0 = Debug|x64
		{DA385FB7-0648-3642-8309-4A35B1CB2461}.Release|x64.ActiveCfg = Release|x64
		{DA385FB7-0648-3642-8309-4A35B1CB2461}.Release|x64.Build.0 = Release|x64
		{DA385FB7-0648-3642-8309-4A35B1CB2461}.MinSizeRel|x64.ActiveCfg = MinSizeRel|x64
		{DA385FB7-0648-3642-8309-4A35B1CB2461}.MinSizeRel|x64.Build.0 = MinSizeRel|x64
		{DA385FB7-0648-3642-8309-4A35B1CB2461}.RelWithDebInfo|x64.ActiveCfg = RelWithDebInfo|x64
		{DA385FB7-0648-3642-8309-4A35B1CB2461}.RelWithDebInfo|x64.Build.0 = RelWithDebInfo|x64
		{DA353FB8-CD08-3C81-B32E-C749061A30D9}.Debug|x64.ActiveCfg = Debug|x64
		{DA353FB8-CD08-3C81-B32E-C749061A30D9}.Debug|x64.Build.0 = Debug|x64
		{DA353FB8-CD08-3C81-B32E-C749061A30D9}.Release|x64.ActiveCfg = Release|x64
		{DA353FB8-CD08-3C81-B32E-C749061A30D9}.Release|x64.Build.0 = Release|x64
		{DA353FB8-CD08-3C81-B32E-C749061A30D9}.MinSizeRel|x64.ActiveCfg = MinSizeRel|x64
		{DA353FB8-CD08-3C81-B32E-C749061A30D9}.MinSizeRel|x64.Build.0 = MinSizeRel|x64
		{DA353FB8-CD08-3C81-B32E-C749061A30D9}.RelWithDebInfo|x64.ActiveCfg = RelWithDebInfo|x64
		{DA353FB8-CD08-3C81-B32E-C749061A30D9}.RelWithDebInfo|x64.Build.0 = RelWithDebInfo|x64
		{B860FB28-491B-356B-BF5B-C406E79A3C8C}.Debug|x64.ActiveCfg = Debug|x64
		{B860FB28-491B-356B-BF5B-C406E79A3C8C}.Debug|x64.Build.0 = Debug|x64
		{B860FB28-491B-356B-BF5B-C406E79A3C8C}.Release|x64.ActiveCfg = Release|x64
		{B860FB28-491B-356B-BF5B-C406E79A3C8C}.Release|x64.Build.0 = Release|x64
		{B860FB28-491B-356B-BF5B-C406E79A3C8C}.MinSizeRel|x64.ActiveCfg = MinSizeRel|x64
		{B860FB28-491B-356B-BF5B-C406E79A3C8C}.MinSizeRel|x64.Build.0 = MinSizeRel|x64
		{B860FB28-491B-356B-BF5B-C406E79A3C8C}.RelWithDebInfo|x64.ActiveCfg = RelWithDebInfo|x64
		{B860FB28-491B-356B-BF5B-C406E79A3C8C}.RelWithDebInfo|x64.Build.0 = RelWithDebInfo|x64
		{6BC332EB-6182-3E13-9DAD-90BF6D8EDEF3}.Debug|x64.ActiveCfg = Debug|x64
		{6BC332EB-6182-3E13-9DAD-90BF6D8EDEF3}.Debug|x64.Build.0 = Debug|x64
		{6BC332EB-6182-3E13-9DAD-90BF6D8EDEF3}.Release|x64.ActiveCfg = Release|x64
		{6BC332EB-6182-3E13-9DAD-90BF6D8EDEF3}.Release|x64.Build.0 = Release|x64
		{6BC332EB-6182-3E13-9DAD-90BF6D8EDEF3}.MinSizeRel|x64.ActiveCfg = MinSizeRel|x64
		{6BC332EB-6182-3E13-9DAD-90BF6D8EDEF3}.MinSizeRel|x64.Build.0 = MinSizeRel|x64
		{6BC332EB-6182-3E13-9DAD-90BF6D8EDEF3}.RelWithDebInfo|x64.ActiveCfg = RelWithDebInfo|x64
		{6BC332EB-6182-3E13-9DAD-90BF6D8EDEF3}.RelWithDebInfo|x64.Build.0 = RelWithDebInfo|x64
		{188C335F-2911-3A32-94F6-74173AC0C24E}.Debug|x64.ActiveCfg = Debug|x64
		{188C335F-2911-3A32-94F6-74173AC0C24E}.Debug|x64.Build.0 = Debug|x64
		{188C335F-2911-3A32-94F6-74173AC0C24E}.Release|x64.ActiveCfg = Release|x64
		{188C335F-2911-3A32-94F6-74173AC0C24E}.Release|x64.Build.0 = Release|x64
		{188C335F-2911-3A32-94F6-74173AC0C24E}.MinSizeRel|x64.ActiveCfg = MinSizeRel|x64
		{188C335F-2911-3A32-94F6-74173AC0C24E}.MinSizeRel|x64.Build.0 = MinSizeRel|x64
		{188C335F-2911-3A32-94F6-74173AC0C24E}.RelWithDebInfo|x64.ActiveCfg = RelWithDebInfo|x64
		{188C335F-2911-3A32-94F6-74173AC0C24E}.RelWithDebInfo|x64.Build.0 = RelWithDebInfo|x64
	EndGlobalSection
	GlobalSection(NestedProjects) = preSolution
		{97C13FDC-87E9-3C6F-B99F-9D8C7D54126E} = {ED5D49FB-F25E-36A7-B10A-D80825D44582}
		{9E61F092-0771-3733-9F95-107E4EE19FE7} = {ED5D49FB-F25E-36A7-B10A-D80825D44582}
		{C2601958-4EC1-38F8-BC78-80D4132B92DB} = {ED5D49FB-F25E-36A7-B10A-D80825D44582}
		{2A8B411F-AD02-3A2C-9BF9-F1D959E54F23} = {24065DC2-1247-340C-9F9C-7ABB54D7F104}
		{8B99F565-92C1-3F5B-953E-A669E416220D} = {24065DC2-1247-340C-9F9C-7ABB54D7F104}
		{8DEE6FE6-B2F6-366A-B9A6-583229CBD1CB} = {24065DC2-1247-340C-9F9C-7ABB54D7F104}
		{0C6A134F-E342-3BC9-9C28-819B04A84056} = {24065DC2-1247-340C-9F9C-7ABB54D7F104}
		{88B1695A-F4D1-3B92-BB51-F5E11622352C} = {24065DC2-1247-340C-9F9C-7ABB54D7F104}
		{1D346B2E-A728-3C55-95B9-A08717C3F7ED} = {24065DC2-1247-340C-9F9C-7ABB54D7F104}
		{59D1C637-FF2C-3BBB-B00E-287080F563FE} = {24065DC2-1247-340C-9F9C-7ABB54D7F104}
		{DA385FB7-0648-3642-8309-4A35B1CB2461} = {24065DC2-1247-340C-9F9C-7ABB54D7F104}
		{DA353FB8-CD08-3C81-B32E-C749061A30D9} = {24065DC2-1247-340C-9F9C-7ABB54D7F104}
		{B860FB28-491B-356B-BF5B-C406E79A3C8C} = {24065DC2-1247-340C-9F9C-7ABB54D7F104}
		{6BC332EB-6182-3E13-9DAD-90BF6D8EDEF3} = {24065DC2-1247-340C-9F9C-7ABB54D7F104}
		{188C335F-2911-3A32-94F6-74173AC0C24E} = {24065DC2-1247-340C-9F9C-7ABB54D7F104}
		{B96DF8ED-6A4B-32FF-B755-5F0B4CAAAF9B} = {9C9E32A6-B1F5-33E3-A7E3-564C4AA233E1}
		{2D3123E2-7DF1-34D4-8A35-E1AB5E4112DD} = {9C9E32A6-B1F5-33E3-A7E3-564C4AA233E1}
		{AD4F88EE-33D4-3360-A059-3705C5F04BEA} = {9C9E32A6-B1F5-33E3-A7E3-564C4AA233E1}
		{67CBD49E-6122-3868-8BF2-DAFCE4AC8F3D} = {9C9E32A6-B1F5-33E3-A7E3-564C4AA233E1}
		{B10C2514-981F-3211-9085-A8953C2E9D28} = {9C9E32A6-B1F5-33E3-A7E3-564C4AA233E1}
		{2E3094A4-8C67-347B-9FA7-1C70EE75AFC4} = {9C9E32A6-B1F5-33E3-A7E3-564C4AA233E1}
	EndGlobalSection
	GlobalSection(ExtensibilityGlobals) = postSolution
		SolutionGuid = {3E0E1561-0B20-3775-A37B-1615F24E9EF0}
	EndGlobalSection
	GlobalSection(ExtensibilityAddIns) = postSolution
	EndGlobalSection
EndGlobal
